
Microsoft Visual Studio Solution File, Format Version 12.00
# Visual Studio Version 16
VisualStudioVersion = 16.0.31402.337
MinimumVisualStudioVersion = 10.0.40219.1
Project("{FAE04EC0-301F-11D3-BF4B-00C04F79EFBC}") = "CompanyRegister", "CompanyRegister\CompanyRegister.csproj", "{63EDD35F-2806-4724-8AA0-B31C083EDD4D}"
EndProject
Global
	GlobalSection(SolutionConfigurationPlatforms) = preSolution
		Debug|Any CPU = Debug|Any CPU
		Release|Any CPU = Release|Any CPU
	EndGlobalSection
	GlobalSection(ProjectConfigurationPlatforms) = postSolution
		{63EDD35F-2806-4724-8AA0-B31C083EDD4D}.Debug|Any CPU.ActiveCfg = Debug|Any CPU
		{63EDD35F-2806-4724-8AA0-B31C083EDD4D}.Debug|Any CPU.Build.0 = Debug|Any CPU
		{63EDD35F-2806-4724-8AA0-B31C083EDD4D}.Release|Any CPU.ActiveCfg = Release|Any CPU
		{63EDD35F-2806-4724-8AA0-B31C083EDD4D}.Release|Any CPU.Build.0 = Release|Any CPU
	EndGlobalSection
	GlobalSection(SolutionProperties) = preSolution
		HideSolutionNode = FALSE
	EndGlobalSection
	GlobalSection(ExtensibilityGlobals) = postSolution
		SolutionGuid = {C6E9EC3C-2BF2-49CB-9EAF-413EE8D49935}
	EndGlobalSection
EndGlobal
